
Microsoft Visual Studio Solution File, Format Version 12.00
# Visual Studio 2013
VisualStudioVersion = 12.0.31101.0
MinimumVisualStudioVersion = 10.0.40219.1
Project("{2150E333-8FDC-42A3-9474-1A3956D46DE8}") = "Engine", "Engine", "{CA120D7E-9D58-426E-B3FF-FECB3D9C02FF}"
EndProject
Project("{2150E333-8FDC-42A3-9474-1A3956D46DE8}") = "Games", "Games", "{3526BDB5-0319-4A0F-B86C-650800CA8D1D}"
EndProject
Project("{8BC9CEB8-8B4A-11D0-8D11-00A0C91BC942}") = "UE4", "Intermediate\ProjectFiles\UE4.vcxproj", "{2A77871F-7C98-4A27-9816-8A5766145272}"
EndProject
Project("{8BC9CEB8-8B4A-11D0-8D11-00A0C91BC942}") = "MyProject2", "Intermediate\ProjectFiles\MyProject2.vcxproj", "{FBAEB90B-88A8-4BC9-A7A1-D445333BBF76}"
EndProject
Global
	GlobalSection(SolutionConfigurationPlatforms) = preSolution
		DebugGame Editor|Win32 = DebugGame Editor|Win32
		DebugGame Editor|Win64 = DebugGame Editor|Win64
		DebugGame|Win32 = DebugGame|Win32
		DebugGame|Win64 = DebugGame|Win64
		Development Editor|Win32 = Development Editor|Win32
		Development Editor|Win64 = Development Editor|Win64
		Development|Win32 = Development|Win32
		Development|Win64 = Development|Win64
		Shipping|Win32 = Shipping|Win32
		Shipping|Win64 = Shipping|Win64
	EndGlobalSection
	GlobalSection(ProjectConfigurationPlatforms) = postSolution
		{2A77871F-7C98-4A27-9816-8A5766145272}.DebugGame Editor|Win32.ActiveCfg = BuiltWithUnrealBuildTool|Win32
		{2A77871F-7C98-4A27-9816-8A5766145272}.DebugGame Editor|Win32.Build.0 = BuiltWithUnrealBuildTool|Win32
		{2A77871F-7C98-4A27-9816-8A5766145272}.DebugGame Editor|Win64.ActiveCfg = BuiltWithUnrealBuildTool|Win32
		{2A77871F-7C98-4A27-9816-8A5766145272}.DebugGame Editor|Win64.Build.0 = BuiltWithUnrealBuildTool|Win32
		{2A77871F-7C98-4A27-9816-8A5766145272}.DebugGame|Win32.ActiveCfg = BuiltWithUnrealBuildTool|Win32
		{2A77871F-7C98-4A27-9816-8A5766145272}.DebugGame|Win32.Build.0 = BuiltWithUnrealBuildTool|Win32
		{2A77871F-7C98-4A27-9816-8A5766145272}.DebugGame|Win64.ActiveCfg = BuiltWithUnrealBuildTool|Win32
		{2A77871F-7C98-4A27-9816-8A5766145272}.DebugGame|Win64.Build.0 = BuiltWithUnrealBuildTool|Win32
		{2A77871F-7C98-4A27-9816-8A5766145272}.Development Editor|Win32.ActiveCfg = BuiltWithUnrealBuildTool|Win32
		{2A77871F-7C98-4A27-9816-8A5766145272}.Development Editor|Win32.Build.0 = BuiltWithUnrealBuildTool|Win32
		{2A77871F-7C98-4A27-9816-8A5766145272}.Development Editor|Win64.ActiveCfg = BuiltWithUnrealBuildTool|Win32
		{2A77871F-7C98-4A27-9816-8A5766145272}.Development Editor|Win64.Build.0 = BuiltWithUnrealBuildTool|Win32
		{2A77871F-7C98-4A27-9816-8A5766145272}.Development|Win32.ActiveCfg = BuiltWithUnrealBuildTool|Win32
		{2A77871F-7C98-4A27-9816-8A5766145272}.Development|Win32.Build.0 = BuiltWithUnrealBuildTool|Win32
		{2A77871F-7C98-4A27-9816-8A5766145272}.Development|Win64.ActiveCfg = BuiltWithUnrealBuildTool|Win32
		{2A77871F-7C98-4A27-9816-8A5766145272}.Development|Win64.Build.0 = BuiltWithUnrealBuildTool|Win32
		{2A77871F-7C98-4A27-9816-8A5766145272}.Shipping|Win32.ActiveCfg = BuiltWithUnrealBuildTool|Win32
		{2A77871F-7C98-4A27-9816-8A5766145272}.Shipping|Win32.Build.0 = BuiltWithUnrealBuildTool|Win32
		{2A77871F-7C98-4A27-9816-8A5766145272}.Shipping|Win64.ActiveCfg = BuiltWithUnrealBuildTool|Win32
		{2A77871F-7C98-4A27-9816-8A5766145272}.Shipping|Win64.Build.0 = BuiltWithUnrealBuildTool|Win32
		{FBAEB90B-88A8-4BC9-A7A1-D445333BBF76}.DebugGame Editor|Win32.ActiveCfg = DebugGame_Editor|Win32
		{FBAEB90B-88A8-4BC9-A7A1-D445333BBF76}.DebugGame Editor|Win32.Build.0 = DebugGame_Editor|Win32
		{FBAEB90B-88A8-4BC9-A7A1-D445333BBF76}.DebugGame Editor|Win64.ActiveCfg = DebugGame_Editor|x64
		{FBAEB90B-88A8-4BC9-A7A1-D445333BBF76}.DebugGame Editor|Win64.Build.0 = DebugGame_Editor|x64
		{FBAEB90B-88A8-4BC9-A7A1-D445333BBF76}.DebugGame|Win32.ActiveCfg = DebugGame_Game|Win32
		{FBAEB90B-88A8-4BC9-A7A1-D445333BBF76}.DebugGame|Win32.Build.0 = DebugGame_Game|Win32
		{FBAEB90B-88A8-4BC9-A7A1-D445333BBF76}.DebugGame|Win64.ActiveCfg = DebugGame_Game|x64
		{FBAEB90B-88A8-4BC9-A7A1-D445333BBF76}.DebugGame|Win64.Build.0 = DebugGame_Game|x64
		{FBAEB90B-88A8-4BC9-A7A1-D445333BBF76}.Development Editor|Win32.ActiveCfg = Development_Editor|Win32
		{FBAEB90B-88A8-4BC9-A7A1-D445333BBF76}.Development Editor|Win32.Build.0 = Development_Editor|Win32
		{FBAEB90B-88A8-4BC9-A7A1-D445333BBF76}.Development Editor|Win64.ActiveCfg = Development_Editor|x64
		{FBAEB90B-88A8-4BC9-A7A1-D445333BBF76}.Development Editor|Win64.Build.0 = Development_Editor|x64
		{FBAEB90B-88A8-4BC9-A7A1-D445333BBF76}.Development|Win32.ActiveCfg = Development_Game|Win32
		{FBAEB90B-88A8-4BC9-A7A1-D445333BBF76}.Development|Win32.Build.0 = Development_Game|Win32
		{FBAEB90B-88A8-4BC9-A7A1-D445333BBF76}.Development|Win64.ActiveCfg = Development_Game|x64
		{FBAEB90B-88A8-4BC9-A7A1-D445333BBF76}.Development|Win64.Build.0 = Development_Game|x64
		{FBAEB90B-88A8-4BC9-A7A1-D445333BBF76}.Shipping|Win32.ActiveCfg = Shipping_Game|Win32
		{FBAEB90B-88A8-4BC9-A7A1-D445333BBF76}.Shipping|Win32.Build.0 = Shipping_Game|Win32
		{FBAEB90B-88A8-4BC9-A7A1-D445333BBF76}.Shipping|Win64.ActiveCfg = Shipping_Game|x64
		{FBAEB90B-88A8-4BC9-A7A1-D445333BBF76}.Shipping|Win64.Build.0 = Shipping_Game|x64
	EndGlobalSection
	GlobalSection(SolutionProperties) = preSolution
		HideSolutionNode = FALSE
	EndGlobalSection
	GlobalSection(NestedProjects) = preSolution
		{2A77871F-7C98-4A27-9816-8A5766145272} = {CA120D7E-9D58-426E-B3FF-FECB3D9C02FF}
		{FBAEB90B-88A8-4BC9-A7A1-D445333BBF76} = {3526BDB5-0319-4A0F-B86C-650800CA8D1D}
	EndGlobalSection
EndGlobal
